
Microsoft Visual Studio Solution File, Format Version 12.00
# Visual Studio Version 16
VisualStudioVersion = 16.0.34601.136
MinimumVisualStudioVersion = 10.0.40219.1
Project("{FAE04EC0-301F-11D3-BF4B-00C04F79EFBC}") = "ETB Final Code", "ETB Final Code\ETB Final Code.csproj", "{4014B87A-594C-4D12-B8F7-03CF4A8C0D5D}"
EndProject
Global
	GlobalSection(SolutionConfigurationPlatforms) = preSolution
		Debug|Any CPU = Debug|Any CPU
		Release|Any CPU = Release|Any CPU
	EndGlobalSection
	GlobalSection(ProjectConfigurationPlatforms) = postSolution
		{4014B87A-594C-4D12-B8F7-03CF4A8C0D5D}.Debug|Any CPU.ActiveCfg = Debug|Any CPU
		{4014B87A-594C-4D12-B8F7-03CF4A8C0D5D}.Debug|Any CPU.Build.0 = Debug|Any CPU
		{4014B87A-594C-4D12-B8F7-03CF4A8C0D5D}.Release|Any CPU.ActiveCfg = Release|Any CPU
		{4014B87A-594C-4D12-B8F7-03CF4A8C0D5D}.Release|Any CPU.Build.0 = Release|Any CPU
	EndGlobalSection
	GlobalSection(SolutionProperties) = preSolution
		HideSolutionNode = FALSE
	EndGlobalSection
	GlobalSection(ExtensibilityGlobals) = postSolution
		SolutionGuid = {405E0200-D25E-447D-AB27-3414E758EF7C}
	EndGlobalSection
EndGlobal
